
Microsoft Visual Studio Solution File, Format Version 12.00
# Visual Studio Version 17
VisualStudioVersion = 17.4.33110.190
MinimumVisualStudioVersion = 10.0.40219.1
Project("{FAE04EC0-301F-11D3-BF4B-00C04F79EFBC}") = "CM5.Eigenvalues", "CM5.Eigenvalues\CM5.Eigenvalues.csproj", "{4EDFA5F3-96DD-4904-86C9-EE37A60D46CE}"
EndProject
Global
	GlobalSection(SolutionConfigurationPlatforms) = preSolution
		Debug|Any CPU = Debug|Any CPU
		Release|Any CPU = Release|Any CPU
	EndGlobalSection
	GlobalSection(ProjectConfigurationPlatforms) = postSolution
		{4EDFA5F3-96DD-4904-86C9-EE37A60D46CE}.Debug|Any CPU.ActiveCfg = Debug|Any CPU
		{4EDFA5F3-96DD-4904-86C9-EE37A60D46CE}.Debug|Any CPU.Build.0 = Debug|Any CPU
		{4EDFA5F3-96DD-4904-86C9-EE37A60D46CE}.Release|Any CPU.ActiveCfg = Release|Any CPU
		{4EDFA5F3-96DD-4904-86C9-EE37A60D46CE}.Release|Any CPU.Build.0 = Release|Any CPU
	EndGlobalSection
	GlobalSection(SolutionProperties) = preSolution
		HideSolutionNode = FALSE
	EndGlobalSection
	GlobalSection(ExtensibilityGlobals) = postSolution
		SolutionGuid = {67A0D76B-23EA-4633-8D1C-2E3F9B9E474F}
	EndGlobalSection
EndGlobal
